
Microsoft Visual Studio Solution File, Format Version 12.00
# Visual Studio Version 17
VisualStudioVersion = 17.14.36915.13 d17.14
MinimumVisualStudioVersion = 10.0.40219.1
Project("{54A90642-561A-4BB1-A94E-469ADEE60C69}") = "auropumps.client", "auropumps.client\auropumps.client.esproj", "{7AF7724D-DE46-4213-72D5-F899276A8C5E}"
EndProject
Project("{FAE04EC0-301F-11D3-BF4B-00C04F79EFBC}") = "AuroPumps.Server", "AuroPumps.Server\AuroPumps.Server.csproj", "{CECF93A6-C49C-4795-885E-9EAAEEABD0EF}"
EndProject
Global
	GlobalSection(SolutionConfigurationPlatforms) = preSolution
		Debug|Any CPU = Debug|Any CPU
		Release|Any CPU = Release|Any CPU
	EndGlobalSection
	GlobalSection(ProjectConfigurationPlatforms) = postSolution
		{7AF7724D-DE46-4213-72D5-F899276A8C5E}.Debug|Any CPU.ActiveCfg = Debug|Any CPU
		{7AF7724D-DE46-4213-72D5-F899276A8C5E}.Debug|Any CPU.Build.0 = Debug|Any CPU
		{7AF7724D-DE46-4213-72D5-F899276A8C5E}.Debug|Any CPU.Deploy.0 = Debug|Any CPU
		{7AF7724D-DE46-4213-72D5-F899276A8C5E}.Release|Any CPU.ActiveCfg = Release|Any CPU
		{7AF7724D-DE46-4213-72D5-F899276A8C5E}.Release|Any CPU.Build.0 = Release|Any CPU
		{7AF7724D-DE46-4213-72D5-F899276A8C5E}.Release|Any CPU.Deploy.0 = Release|Any CPU
		{CECF93A6-C49C-4795-885E-9EAAEEABD0EF}.Debug|Any CPU.ActiveCfg = Debug|Any CPU
		{CECF93A6-C49C-4795-885E-9EAAEEABD0EF}.Debug|Any CPU.Build.0 = Debug|Any CPU
		{CECF93A6-C49C-4795-885E-9EAAEEABD0EF}.Release|Any CPU.ActiveCfg = Release|Any CPU
		{CECF93A6-C49C-4795-885E-9EAAEEABD0EF}.Release|Any CPU.Build.0 = Release|Any CPU
	EndGlobalSection
	GlobalSection(SolutionProperties) = preSolution
		HideSolutionNode = FALSE
	EndGlobalSection
	GlobalSection(ExtensibilityGlobals) = postSolution
		SolutionGuid = {ABF30B86-D3CD-40BB-BAEB-683CA4A8216B}
	EndGlobalSection
EndGlobal
